<Solution>
  <Project Path="ZeemanSport.API/ZeemanSport.API.csproj" Id="ab5642cf-803f-45b6-bb1d-4dff98b5cfc1" />
  <Project Path="ZeemanSport.BlazorWasm/ZeemanSport.BlazorWasm.csproj" Id="89d85f39-d212-4e13-b8fd-1973264ecf79" />
  <Project Path="ZeemanSport.Core/ZeemanSport.Core.csproj" Id="cf64f3ed-e148-4d17-ad63-d924e2632a00" />
  <Project Path="ZeemanSport.Maui/ZeemanSport.Maui.csproj" Id="b8edcb0a-dc4e-46c4-934a-86180ab869a9" />
  <Project Path="ZeemanSport.Runtime/ZeemanSport.Runtime.csproj" Id="9782bb8e-b463-4ad6-ba1e-33147c88c144" />
</Solution>
